
Microsoft Visual Studio Solution File, Format Version 12.00
# Visual Studio 2013
VisualStudioVersion = 12.0.40629.0
MinimumVisualStudioVersion = 10.0.40219.1
Project("{FAE04EC0-301F-11D3-BF4B-00C04F79EFBC}") = "BondsMapWPF", "BondsMapWPF\BondsMapWPF.csproj", "{B7DBFF24-243D-42FA-A4A5-4AEB39ADEE4C}"
EndProject
Project("{FAE04EC0-301F-11D3-BF4B-00C04F79EFBC}") = "MICEX.Portable", "..\FloydSpace\MICEX.Portable\MICEX.Portable.csproj", "{CA3D0040-05EE-4D37-8727-8BF45CA09328}"
EndProject
Global
	GlobalSection(SolutionConfigurationPlatforms) = preSolution
		Debug|Any CPU = Debug|Any CPU
		Release|Any CPU = Release|Any CPU
	EndGlobalSection
	GlobalSection(ProjectConfigurationPlatforms) = postSolution
		{B7DBFF24-243D-42FA-A4A5-4AEB39ADEE4C}.Debug|Any CPU.ActiveCfg = Debug|Any CPU
		{B7DBFF24-243D-42FA-A4A5-4AEB39ADEE4C}.Debug|Any CPU.Build.0 = Debug|Any CPU
		{B7DBFF24-243D-42FA-A4A5-4AEB39ADEE4C}.Release|Any CPU.ActiveCfg = Release|Any CPU
		{B7DBFF24-243D-42FA-A4A5-4AEB39ADEE4C}.Release|Any CPU.Build.0 = Release|Any CPU
		{CA3D0040-05EE-4D37-8727-8BF45CA09328}.Debug|Any CPU.ActiveCfg = Debug|Any CPU
		{CA3D0040-05EE-4D37-8727-8BF45CA09328}.Debug|Any CPU.Build.0 = Debug|Any CPU
		{CA3D0040-05EE-4D37-8727-8BF45CA09328}.Release|Any CPU.ActiveCfg = Release|Any CPU
		{CA3D0040-05EE-4D37-8727-8BF45CA09328}.Release|Any CPU.Build.0 = Release|Any CPU
	EndGlobalSection
	GlobalSection(SolutionProperties) = preSolution
		HideSolutionNode = FALSE
	EndGlobalSection
EndGlobal
